# @generated by Move, please check-in and do not edit manually.

[move]
version = 0
manifest_digest = "C7B19932D1240DD1DE9DBEE64AFB5D41EA554B4762101178613A82BB0F64CF96"
deps_digest = "3C4103934B1E040BB6B23F1D610B4EF9F2F1166A50A104EADCF77467C004C600"

dependencies = [
  { name = "Sui" },
  { name = "supra_utils" },
]

[[move.package]]
name = "MoveStdlib"
source = { git = "https://github.com/MystenLabs/sui.git", rev = "testnet-v1.14.2", subdir = "crates/sui-framework/packages/move-stdlib" }

[[move.package]]
name = "Sui"
source = { git = "https://github.com/MystenLabs/sui.git", rev = "testnet-v1.14.2", subdir = "crates/sui-framework/packages/sui-framework" }

dependencies = [
  { name = "MoveStdlib" },
]

[[move.package]]
name = "supra_utils"
source = { local = "../supra_utils" }

dependencies = [
  { name = "Sui" },
]
