# @generated by Move, please check-in and do not edit manually.

[move]
version = 0
manifest_digest = "289A2D422FD2CBA4EADD8CD05AE51276E014AA0D4184CB0FEB62D37FE4409E97"
deps_digest = "060AD7E57DFB13104F21BE5F5C3759D03F0553FC3229247D9A7A6B45F50D03A3"

dependencies = [
  { name = "Pyth" },
  { name = "Sui" },
  { name = "SupraOracle" },
]

[[move.package]]
name = "MoveStdlib"
source = { git = "https://github.com/MystenLabs/sui.git", rev = "09b2081498366df936abae26eea4b2d5cafb2788", subdir = "crates/sui-framework/packages/move-stdlib" }

[[move.package]]
name = "Pyth"
source = { local = "dependencies/pyth/Pyth" }

dependencies = [
  { name = "Sui" },
  { name = "Wormhole" },
]

[[move.package]]
name = "Sui"
source = { git = "https://github.com/MystenLabs/sui.git", rev = "09b2081498366df936abae26eea4b2d5cafb2788", subdir = "crates/sui-framework/packages/sui-framework" }

dependencies = [
  { name = "MoveStdlib" },
]

[[move.package]]
name = "SupraOracle"
source = { local = "dependencies/supra/supra_holder" }

dependencies = [
  { name = "Sui" },
  { name = "supra_validator" },
]

[[move.package]]
name = "Wormhole"
source = { local = "dependencies/pyth/wormhole" }

dependencies = [
  { name = "Sui" },
]

[[move.package]]
name = "supra_utils"
source = { local = "dependencies/supra/supra_utils" }

dependencies = [
  { name = "Sui" },
]

[[move.package]]
name = "supra_validator"
source = { local = "dependencies/supra/supra_validator" }

dependencies = [
  { name = "Sui" },
  { name = "supra_utils" },
]
