# @generated by Move, please check-in and do not edit manually.

[move]
version = 0
manifest_digest = "68CB281D253AE1423CFBCB6E20B88810847B750095D1C7580375327623F8E6DF"
deps_digest = "3C4103934B1E040BB6B23F1D610B4EF9F2F1166A50A104EADCF77467C004C600"

dependencies = [
  { name = "Sui" },
  { name = "SupraOracle" },
]

[[move.package]]
name = "MoveStdlib"
source = { git = "https://github.com/MystenLabs/sui.git", rev = "testnet-v1.14.2", subdir = "crates/sui-framework/packages/move-stdlib" }

[[move.package]]
name = "Sui"
source = { git = "https://github.com/MystenLabs/sui.git", rev = "testnet-v1.14.2", subdir = "crates/sui-framework/packages/sui-framework" }

dependencies = [
  { name = "MoveStdlib" },
]

[[move.package]]
name = "SupraOracle"
source = { git = "https://github.com/Entropy-Foundation/dora-interface", rev = "51c1875d86f20abe2a22e8d2ae7a3a2a2a56d5a1", subdir = "sui/testnet/supra_holder" }

dependencies = [
  { name = "Sui" },
  { name = "supra_validator" },
]

[[move.package]]
name = "supra_utils"
source = { git = "https://github.com/Entropy-Foundation/dora-interface", rev = "51c1875d86f20abe2a22e8d2ae7a3a2a2a56d5a1", subdir = "sui/testnet/supra_utils" }

dependencies = [
  { name = "Sui" },
]

[[move.package]]
name = "supra_validator"
source = { git = "https://github.com/Entropy-Foundation/dora-interface", rev = "51c1875d86f20abe2a22e8d2ae7a3a2a2a56d5a1", subdir = "sui/testnet/supra_validator" }

dependencies = [
  { name = "Sui" },
  { name = "supra_utils" },
]
