# @generated by Move, please check-in and do not edit manually.

[move]
version = 0
manifest_digest = "62FD24428C9406BFF5F9E3DBDCEE59E930F1251BBE877A5AEF5FA4B7A6A80946"
deps_digest = "F8BBB0CCB2491CA29A3DF03D6F92277A4F3574266507ACD77214D37ECA3F3082"

dependencies = [
  { name = "Sui" },
]

[[move.package]]
name = "MoveStdlib"
source = { git = "https://github.com/MystenLabs/sui.git", rev = "mainnet-v1.14.2", subdir = "crates/sui-framework/packages/move-stdlib" }

[[move.package]]
name = "Sui"
source = { git = "https://github.com/MystenLabs/sui.git", rev = "mainnet-v1.14.2", subdir = "crates/sui-framework/packages/sui-framework" }

dependencies = [
  { name = "MoveStdlib" },
]
