# @generated by Move, please check-in and do not edit manually.

[move]
version = 0
manifest_digest = "F46E1F0F5289F75737F0EE639328E2C2A2986BF79798752EFEA01C986702DDAE"
deps_digest = "52B406A7A21811BEF51751CF88DA0E76DAEFFEAC888D4F4060B1A72BBE7D8D35"

dependencies = [
  { name = "EmbedrProtocolLibrary" },
  { name = "EmbedrProtocolTokens" },
  { name = "MoveStdlib" },
  { name = "Sui" },
  { name = "SupraOracle" },
  { name = "oracles" },
]

[[move.package]]
name = "EmbedrProtocolLibrary"
source = { local = "../library" }

dependencies = [
  { name = "MoveStdlib" },
  { name = "Sui" },
]

[[move.package]]
name = "EmbedrProtocolTokens"
source = { local = "../tokens" }

dependencies = [
  { name = "EmbedrProtocolLibrary" },
  { name = "MoveStdlib" },
  { name = "Sui" },
]

[[move.package]]
name = "MoveStdlib"
source = { git = "https://github.com/MystenLabs/sui.git", rev = "framework/testnet", subdir = "crates/sui-framework/packages/move-stdlib" }

[[move.package]]
name = "Sui"
source = { git = "https://github.com/MystenLabs/sui.git", rev = "framework/testnet", subdir = "crates/sui-framework/packages/sui-framework" }

dependencies = [
  { name = "MoveStdlib" },
]

[[move.package]]
name = "SupraOracle"
source = { local = "../oracles/dependencies/supra_oracle/supra_holder" }

dependencies = [
  { name = "Sui" },
  { name = "supra_validator" },
]

[[move.package]]
name = "oracles"
source = { local = "../oracles" }

dependencies = [
  { name = "Sui" },
  { name = "SupraOracle" },
]

[[move.package]]
name = "supra_utils"
source = { local = "../oracles/dependencies/supra_oracle/supra_utils" }

dependencies = [
  { name = "Sui" },
]

[[move.package]]
name = "supra_validator"
source = { local = "../oracles/dependencies/supra_oracle/supra_validator" }

dependencies = [
  { name = "Sui" },
  { name = "supra_utils" },
]

[move.toolchain-version]
compiler-version = "1.17.0"
edition = "legacy"
flavor = "sui"
