# @generated by Move, please check-in and do not edit manually.

[move]
version = 0
manifest_digest = "E145C5201B4AE86E9DA6F8C62B2D146B6A8D3197CE51A70873304C613C6FCA72"
deps_digest = "A664AB85064CDA34C67B4B3CF6ED740585504110FA44899FF52DE838FC6D6E35"

dependencies = [
  { name = "EmbedrProtocolLibrary" },
  { name = "EmbedrProtocolTokens" },
  { name = "MoveStdlib" },
  { name = "Sui" },
]

[[move.package]]
name = "EmbedrProtocolLibrary"
source = { local = "../library" }

dependencies = [
  { name = "MoveStdlib" },
  { name = "Sui" },
]

[[move.package]]
name = "EmbedrProtocolTokens"
source = { local = "../tokens" }

dependencies = [
  { name = "EmbedrProtocolLibrary" },
  { name = "MoveStdlib" },
  { name = "Sui" },
]

[[move.package]]
name = "MoveStdlib"
source = { git = "https://github.com/MystenLabs/sui.git", rev = "b09ef4e", subdir = "crates/sui-framework/packages/move-stdlib" }

[[move.package]]
name = "Sui"
source = { git = "https://github.com/MystenLabs/sui.git", rev = "b09ef4e", subdir = "crates/sui-framework/packages/sui-framework" }

dependencies = [
  { name = "MoveStdlib" },
]
