# @generated by Move, please check-in and do not edit manually.

[move]
version = 0
manifest_digest = "6C7A7B97D42D761005AD7FCA416DB8748396F8538FE1D651F6501E8F476AE7D6"
deps_digest = "397E6A9F7A624706DBDFEE056CE88391A15876868FD18A88504DA74EB458D697"

dependencies = [
  { name = "EmbedrProtocolLibrary" },
  { name = "EmbedrProtocolStableCoinFactory" },
  { name = "EmbedrProtocolTokens" },
  { name = "MoveStdlib" },
  { name = "Sui" },
]

[[move.package]]
name = "EmbedrProtocolLibrary"
source = { local = "../library" }

dependencies = [
  { name = "MoveStdlib" },
  { name = "Sui" },
]

[[move.package]]
name = "EmbedrProtocolStableCoinFactory"
source = { local = "../stable_coin_factory" }

dependencies = [
  { name = "EmbedrProtocolLibrary" },
  { name = "EmbedrProtocolTokens" },
  { name = "MoveStdlib" },
  { name = "Sui" },
]

[[move.package]]
name = "EmbedrProtocolTokens"
source = { local = "../tokens" }

dependencies = [
  { name = "EmbedrProtocolLibrary" },
  { name = "MoveStdlib" },
  { name = "Sui" },
]

[[move.package]]
name = "MoveStdlib"
source = { git = "https://github.com/MystenLabs/sui.git", rev = "framework/testnet", subdir = "crates/sui-framework/packages/move-stdlib" }

[[move.package]]
name = "Sui"
source = { git = "https://github.com/MystenLabs/sui.git", rev = "framework/testnet", subdir = "crates/sui-framework/packages/sui-framework" }

dependencies = [
  { name = "MoveStdlib" },
]
