# @generated by Move, please check-in and do not edit manually.

[move]
version = 0
manifest_digest = "EB33750EC21C25BDEEBC1B508210D936FD0017A8A4D74E43D3EEE0E6FF618CC6"
deps_digest = "060AD7E57DFB13104F21BE5F5C3759D03F0553FC3229247D9A7A6B45F50D03A3"

dependencies = [
  { name = "EmbedrProtocolLibrary" },
  { name = "MoveStdlib" },
  { name = "Sui" },
]

[[move.package]]
name = "EmbedrProtocolLibrary"
source = { local = "../library" }

dependencies = [
  { name = "MoveStdlib" },
  { name = "Sui" },
]

[[move.package]]
name = "MoveStdlib"
source = { git = "https://github.com/MystenLabs/sui.git", rev = "framework/testnet", subdir = "crates/sui-framework/packages/move-stdlib" }

[[move.package]]
name = "Sui"
source = { git = "https://github.com/MystenLabs/sui.git", rev = "framework/testnet", subdir = "crates/sui-framework/packages/sui-framework" }

dependencies = [
  { name = "MoveStdlib" },
]
