# @generated by Move, please check-in and do not edit manually.

[move]
version = 0
manifest_digest = "C9B2F39635970957DEF0450335A251FA3052AE876B0FFC60C8E3097903A1ED36"
deps_digest = "1E69C4EC0009EE680E80A9FE55258165F50D1ACD68C7DF05B0859A5218B3BA34"

dependencies = [
  { name = "EmbedrProtocolLibrary" },
  { name = "MoveStdlib" },
  { name = "Sui" },
]

[[move.package]]
name = "EmbedrProtocolLibrary"
source = { local = "../library" }

dependencies = [
  { name = "MoveStdlib" },
  { name = "Sui" },
]

[[move.package]]
name = "MoveStdlib"
source = { git = "https://github.com/MystenLabs/sui.git", rev = "b09ef4e", subdir = "crates/sui-framework/packages/move-stdlib" }

[[move.package]]
name = "Sui"
source = { git = "https://github.com/MystenLabs/sui.git", rev = "b09ef4e", subdir = "crates/sui-framework/packages/sui-framework" }

dependencies = [
  { name = "MoveStdlib" },
]
